{
  "version": 4,
  "terraform_version": "1.6.2",
  "serial": 32,
  "lineage": "d665e58e-710c-738e-7877-94fe5227562d",
  "outputs": {
    "private_key": {
      "value": "-----BEGIN RSA PRIVATE KEY-----\nMIIEpAIBAAKCAQEAuw9w93Wyg7YEAwkiXumn6Q9miSQfx4VpeotRERmMqHCYMYAE\nFgARBr69+/F6BWUdMswdbRMo/+P8StQFdNilQIgLJlpB82Z9fiIZWmvjYrR49GNB\n1M9qedgEyfPyWGPgDjrRTuDcq7yEPAEMwaZPnyWCCoktpkZtZ6yRGwtWBFFD6mv2\nUlmjFHEoBIAdhcqfEZ061C1Qcs/NbI+g9XtVqLANyAbkhBLRs8mk8jLSCMoo2NI4\ndQ9ecyQWAgsG4y82Y/NqYyBl7aSNGLokDO6NQm51iSvigdorNyj05CKfZi+MNhwU\nbxoCB4fgUwKE2xMqgX3WdsPs86BqredtvNvKYwIDAQABAoIBAQCIpqsb27thRKKB\npTaap46mTz3UibM9ilSX1RaPq1553mcQIjjZ6YqGpukbGDjPoCJIbZxBhnG5Hc+8\nyk6CIZH3JmsexWjQatraPgbPa2ldPgHuZmQ9FpjuEcTN04wCzlNrkcQ+Hz6Vps3j\nF9E91kTsOfZZxAS5J1HdHs+SNiHMXGHB9x8w74LTu3j1zTL/4rgSkjkhgeZOQXHl\nQJ9UKd4M4/VXPU5O0Uq7srcx8gr+RxnEuGNJJpuH3r4J2wX3liH8W5kF/23tARvA\nZEaXbowFctAYTkC01BLTlYc5wt2LfV6Q4wffwWqn61vk2FNRORm++9kpirpXESzW\nUWqUj2fhAoGBAN4XfJX2o2dj73areqhwQNi4oiCOujMiWLCKyXTApYdslRFG5llJ\nQJXjolY8aZeCmBORfbxkdh7+g0zuBblIL0xMeqEWCflFt5AIxsPEQdpBDMr8peJd\nq5jUC7Ga6uZ72GLxylsA0RDoLzbz/X+/ZxQWWYPTuQZW4hpCC1qla361AoGBANee\nvgFfCLV1cL/SLRYMgMU6fWdLBBDi//TJCRK0/Tv8fCoGCwTHy6i37xUxUeWLrmor\nv6Qz9xjr5mqffXGcIfpgYIY3zbQiYWyIFxm5eNA+XdnND8fJjecRAGp+vftxVGQd\nv0BQUAeuJawWIEoe68nN3PLEC7bXixFOartNXru3AoGACEg/8Se9eEGV0Isci+OD\nx5E7GpO4Begl/o9ua9gzVBWMiZRnSrUcn3pZt3WRSoEoQrKOSdRFQ2qiYuANfpde\njC3d9Nvpi046RjjNkMdk3UrHu1oopYRwvcZKmVj5oZbEvwvdS/9/zG2cNSRsM7Nj\nmLAsrmna4I2k6O3Flp/MnnECgYA2onSGqGvufsmI8VqXQafHUeDAsZNgLASrI912\nrgGUl49mno1gMrf6ElE0T4Du5wvUvy0aEEjGOc/yqGMCzIsXhCAxIiavRB7nfzxL\nOmHQcl0ZeQpMl1erevVeBqtg8QBvNdJmG3OL3qaRCjI4VcltIwqfQOmu9MK6KeKF\nfz9H1QKBgQC+y51thCsPN1YTZkeruOmvvifRnR5kA0x4I7YEb9SirR0z5q2kPUV9\nIgpat5J8KV+qv+aml0pkaLrmMIf5B7RzL2jr7KuXA/dH1wuezNt18ZGDMYw39+cd\n4fBGT1WCHwOhF9smL3owHwsuMmv/FWjTeP3bXVO6vBp06Nvgcabc3g==\n-----END RSA PRIVATE KEY-----\n",
      "type": "string",
      "sensitive": true
    },
    "public_key": {
      "value": "ssh-rsa AAAAB3NzaC1yc2EAAAADAQABAAABAQC7D3D3dbKDtgQDCSJe6afpD2aJJB/HhWl6i1ERGYyocJgxgAQWABEGvr378XoFZR0yzB1tEyj/4/xK1AV02KVAiAsmWkHzZn1+Ihlaa+NitHj0Y0HUz2p52ATJ8/JYY+AOOtFO4NyrvIQ8AQzBpk+fJYIKiS2mRm1nrJEbC1YEUUPqa/ZSWaMUcSgEgB2Fyp8RnTrULVByz81sj6D1e1WosA3IBuSEEtGzyaTyMtIIyijY0jh1D15zJBYCCwbjLzZj82pjIGXtpI0YuiQM7o1CbnWJK+KB2is3KPTkIp9mL4w2HBRvGgIHh+BTAoTbEyqBfdZ2w+zzoGqt522828pj\n",
      "type": "string"
    }
  },
  "resources": [
    {
      "mode": "data",
      "type": "tls_public_key",
      "name": "MyLinuxBox",
      "provider": "provider[\"registry.terraform.io/hashicorp/tls\"]",
      "instances": [
        {
          "schema_version": 0,
          "attributes": {
            "algorithm": "RSA",
            "id": "1328c95fe5610413a2e1085afdc286d963212135",
            "private_key_openssh": null,
            "private_key_pem": "-----BEGIN RSA PRIVATE KEY-----\nMIIEpAIBAAKCAQEAuw9w93Wyg7YEAwkiXumn6Q9miSQfx4VpeotRERmMqHCYMYAE\nFgARBr69+/F6BWUdMswdbRMo/+P8StQFdNilQIgLJlpB82Z9fiIZWmvjYrR49GNB\n1M9qedgEyfPyWGPgDjrRTuDcq7yEPAEMwaZPnyWCCoktpkZtZ6yRGwtWBFFD6mv2\nUlmjFHEoBIAdhcqfEZ061C1Qcs/NbI+g9XtVqLANyAbkhBLRs8mk8jLSCMoo2NI4\ndQ9ecyQWAgsG4y82Y/NqYyBl7aSNGLokDO6NQm51iSvigdorNyj05CKfZi+MNhwU\nbxoCB4fgUwKE2xMqgX3WdsPs86BqredtvNvKYwIDAQABAoIBAQCIpqsb27thRKKB\npTaap46mTz3UibM9ilSX1RaPq1553mcQIjjZ6YqGpukbGDjPoCJIbZxBhnG5Hc+8\nyk6CIZH3JmsexWjQatraPgbPa2ldPgHuZmQ9FpjuEcTN04wCzlNrkcQ+Hz6Vps3j\nF9E91kTsOfZZxAS5J1HdHs+SNiHMXGHB9x8w74LTu3j1zTL/4rgSkjkhgeZOQXHl\nQJ9UKd4M4/VXPU5O0Uq7srcx8gr+RxnEuGNJJpuH3r4J2wX3liH8W5kF/23tARvA\nZEaXbowFctAYTkC01BLTlYc5wt2LfV6Q4wffwWqn61vk2FNRORm++9kpirpXESzW\nUWqUj2fhAoGBAN4XfJX2o2dj73areqhwQNi4oiCOujMiWLCKyXTApYdslRFG5llJ\nQJXjolY8aZeCmBORfbxkdh7+g0zuBblIL0xMeqEWCflFt5AIxsPEQdpBDMr8peJd\nq5jUC7Ga6uZ72GLxylsA0RDoLzbz/X+/ZxQWWYPTuQZW4hpCC1qla361AoGBANee\nvgFfCLV1cL/SLRYMgMU6fWdLBBDi//TJCRK0/Tv8fCoGCwTHy6i37xUxUeWLrmor\nv6Qz9xjr5mqffXGcIfpgYIY3zbQiYWyIFxm5eNA+XdnND8fJjecRAGp+vftxVGQd\nv0BQUAeuJawWIEoe68nN3PLEC7bXixFOartNXru3AoGACEg/8Se9eEGV0Isci+OD\nx5E7GpO4Begl/o9ua9gzVBWMiZRnSrUcn3pZt3WRSoEoQrKOSdRFQ2qiYuANfpde\njC3d9Nvpi046RjjNkMdk3UrHu1oopYRwvcZKmVj5oZbEvwvdS/9/zG2cNSRsM7Nj\nmLAsrmna4I2k6O3Flp/MnnECgYA2onSGqGvufsmI8VqXQafHUeDAsZNgLASrI912\nrgGUl49mno1gMrf6ElE0T4Du5wvUvy0aEEjGOc/yqGMCzIsXhCAxIiavRB7nfzxL\nOmHQcl0ZeQpMl1erevVeBqtg8QBvNdJmG3OL3qaRCjI4VcltIwqfQOmu9MK6KeKF\nfz9H1QKBgQC+y51thCsPN1YTZkeruOmvvifRnR5kA0x4I7YEb9SirR0z5q2kPUV9\nIgpat5J8KV+qv+aml0pkaLrmMIf5B7RzL2jr7KuXA/dH1wuezNt18ZGDMYw39+cd\n4fBGT1WCHwOhF9smL3owHwsuMmv/FWjTeP3bXVO6vBp06Nvgcabc3g==\n-----END RSA PRIVATE KEY-----\n",
            "public_key_fingerprint_md5": "a9:c6:2a:e4:ea:4d:61:52:83:23:6d:d0:dd:cb:07:a2",
            "public_key_fingerprint_sha256": "SHA256:qlXOGou9V17ivbzFcymuKVa32yNuuYcdScgWOWawVLw",
            "public_key_openssh": "ssh-rsa AAAAB3NzaC1yc2EAAAADAQABAAABAQC7D3D3dbKDtgQDCSJe6afpD2aJJB/HhWl6i1ERGYyocJgxgAQWABEGvr378XoFZR0yzB1tEyj/4/xK1AV02KVAiAsmWkHzZn1+Ihlaa+NitHj0Y0HUz2p52ATJ8/JYY+AOOtFO4NyrvIQ8AQzBpk+fJYIKiS2mRm1nrJEbC1YEUUPqa/ZSWaMUcSgEgB2Fyp8RnTrULVByz81sj6D1e1WosA3IBuSEEtGzyaTyMtIIyijY0jh1D15zJBYCCwbjLzZj82pjIGXtpI0YuiQM7o1CbnWJK+KB2is3KPTkIp9mL4w2HBRvGgIHh+BTAoTbEyqBfdZ2w+zzoGqt522828pj\n",
            "public_key_pem": "-----BEGIN PUBLIC KEY-----\nMIIBIjANBgkqhkiG9w0BAQEFAAOCAQ8AMIIBCgKCAQEAuw9w93Wyg7YEAwkiXumn\n6Q9miSQfx4VpeotRERmMqHCYMYAEFgARBr69+/F6BWUdMswdbRMo/+P8StQFdNil\nQIgLJlpB82Z9fiIZWmvjYrR49GNB1M9qedgEyfPyWGPgDjrRTuDcq7yEPAEMwaZP\nnyWCCoktpkZtZ6yRGwtWBFFD6mv2UlmjFHEoBIAdhcqfEZ061C1Qcs/NbI+g9XtV\nqLANyAbkhBLRs8mk8jLSCMoo2NI4dQ9ecyQWAgsG4y82Y/NqYyBl7aSNGLokDO6N\nQm51iSvigdorNyj05CKfZi+MNhwUbxoCB4fgUwKE2xMqgX3WdsPs86BqredtvNvK\nYwIDAQAB\n-----END PUBLIC KEY-----\n"
          },
          "sensitive_attributes": [
            [
              {
                "type": "get_attr",
                "value": "private_key_pem"
              }
            ]
          ]
        }
      ]
    },
    {
      "mode": "managed",
      "type": "aws_autoscaling_attachment",
      "name": "app1_asg_attachment",
      "provider": "provider[\"registry.terraform.io/hashicorp/aws\"]",
      "instances": [
        {
          "schema_version": 0,
          "attributes": {
            "alb_target_group_arn": "arn:aws:elasticloadbalancing:eu-west-3:918947519157:targetgroup/app1-target-group/9a835b96dc8329af",
            "autoscaling_group_name": "app1-auto-scaling-group-20231113034702481300000001",
            "elb": null,
            "id": "app1-auto-scaling-group-20231113034702481300000001-20231113034930756400000002"
          },
          "sensitive_attributes": [],
          "private": "bnVsbA==",
          "dependencies": [
            "aws_autoscaling_group.app1_asg",
            "aws_launch_template.app1_LT",
            "aws_lb_target_group.app1_tg",
            "aws_security_group.app1-sg01-servers",
            "aws_subnet.private-eu-west-3a",
            "aws_subnet.private-eu-west-3b",
            "aws_subnet.private-eu-west-3c",
            "aws_vpc.app1"
          ]
        }
      ]
    },
    {
      "mode": "managed",
      "type": "aws_autoscaling_group",
      "name": "app1_asg",
      "provider": "provider[\"registry.terraform.io/hashicorp/aws\"]",
      "instances": [
        {
          "schema_version": 0,
          "attributes": {
            "arn": "arn:aws:autoscaling:eu-west-3:918947519157:autoScalingGroup:57594104-cf77-40aa-9ea9-45df9060c647:autoScalingGroupName/app1-auto-scaling-group-20231113034702481300000001",
            "availability_zones": [
              "eu-west-3a",
              "eu-west-3b",
              "eu-west-3c"
            ],
            "capacity_rebalance": false,
            "default_cooldown": 300,
            "desired_capacity": 6,
            "enabled_metrics": [
              "GroupDesiredCapacity",
              "GroupInServiceInstances",
              "GroupMaxSize",
              "GroupMinSize",
              "GroupTotalInstances"
            ],
            "force_delete": true,
            "force_delete_warm_pool": false,
            "health_check_grace_period": 300,
            "health_check_type": "ELB",
            "id": "app1-auto-scaling-group-20231113034702481300000001",
            "initial_lifecycle_hook": [
              {
                "default_result": "CONTINUE",
                "heartbeat_timeout": 300,
                "lifecycle_transition": "autoscaling:EC2_INSTANCE_TERMINATING",
                "name": "scale-in-protection",
                "notification_metadata": "",
                "notification_target_arn": "",
                "role_arn": ""
              },
              {
                "default_result": "CONTINUE",
                "heartbeat_timeout": 60,
                "lifecycle_transition": "autoscaling:EC2_INSTANCE_LAUNCHING",
                "name": "instance-protection-launch",
                "notification_metadata": "{\"key\":\"value\"}",
                "notification_target_arn": "",
                "role_arn": ""
              }
            ],
            "instance_refresh": [],
            "launch_configuration": "",
            "launch_template": [
              {
                "id": "lt-042a16f9228becfd3",
                "name": "app1_LT20231113033829126000000001",
                "version": "$Latest"
              }
            ],
            "load_balancers": null,
            "max_instance_lifetime": 0,
            "max_size": 15,
            "metrics_granularity": "1Minute",
            "min_elb_capacity": null,
            "min_size": 3,
            "mixed_instances_policy": [],
            "name": "app1-auto-scaling-group-20231113034702481300000001",
            "name_prefix": "app1-auto-scaling-group-",
            "placement_group": "",
            "protect_from_scale_in": false,
            "service_linked_role_arn": "arn:aws:iam::918947519157:role/aws-service-role/autoscaling.amazonaws.com/AWSServiceRoleForAutoScaling",
            "suspended_processes": null,
            "tag": [
              {
                "key": "Environment",
                "propagate_at_launch": true,
                "value": "Production"
              },
              {
                "key": "Name",
                "propagate_at_launch": true,
                "value": "app1-instance"
              }
            ],
            "tags": null,
            "target_group_arns": [
              "arn:aws:elasticloadbalancing:eu-west-3:918947519157:targetgroup/app1-target-group/9a835b96dc8329af"
            ],
            "termination_policies": null,
            "timeouts": null,
            "vpc_zone_identifier": [
              "subnet-00c84d526be76ad0f",
              "subnet-04674f7534ec0d010",
              "subnet-0ae7acd169b2e0d4f"
            ],
            "wait_for_capacity_timeout": "10m",
            "wait_for_elb_capacity": null,
            "warm_pool": []
          },
          "sensitive_attributes": [],
          "private": "eyJlMmJmYjczMC1lY2FhLTExZTYtOGY4OC0zNDM2M2JjN2M0YzAiOnsiZGVsZXRlIjo2MDAwMDAwMDAwMDB9fQ==",
          "dependencies": [
            "aws_launch_template.app1_LT",
            "aws_lb_target_group.app1_tg",
            "aws_security_group.app1-sg01-servers",
            "aws_subnet.private-eu-west-3a",
            "aws_subnet.private-eu-west-3b",
            "aws_subnet.private-eu-west-3c",
            "aws_vpc.app1"
          ]
        }
      ]
    },
    {
      "mode": "managed",
      "type": "aws_autoscaling_policy",
      "name": "app1_scaling_policy",
      "provider": "provider[\"registry.terraform.io/hashicorp/aws\"]",
      "instances": [
        {
          "schema_version": 0,
          "attributes": {
            "adjustment_type": "",
            "arn": "arn:aws:autoscaling:eu-west-3:918947519157:scalingPolicy:b8003cc7-f8d8-4fbe-8022-98752ae0ad6e:autoScalingGroupName/app1-auto-scaling-group-20231113034702481300000001:policyName/app1-cpu-target",
            "autoscaling_group_name": "app1-auto-scaling-group-20231113034702481300000001",
            "cooldown": 0,
            "estimated_instance_warmup": 120,
            "id": "app1-cpu-target",
            "metric_aggregation_type": "",
            "min_adjustment_magnitude": null,
            "name": "app1-cpu-target",
            "policy_type": "TargetTrackingScaling",
            "predictive_scaling_configuration": [],
            "scaling_adjustment": 0,
            "step_adjustment": [],
            "target_tracking_configuration": [
              {
                "customized_metric_specification": [],
                "disable_scale_in": false,
                "predefined_metric_specification": [
                  {
                    "predefined_metric_type": "ASGAverageCPUUtilization",
                    "resource_label": ""
                  }
                ],
                "target_value": 75
              }
            ]
          },
          "sensitive_attributes": [],
          "private": "bnVsbA==",
          "dependencies": [
            "aws_autoscaling_group.app1_asg",
            "aws_launch_template.app1_LT",
            "aws_lb_target_group.app1_tg",
            "aws_security_group.app1-sg01-servers",
            "aws_subnet.private-eu-west-3a",
            "aws_subnet.private-eu-west-3b",
            "aws_subnet.private-eu-west-3c",
            "aws_vpc.app1"
          ]
        }
      ]
    },
    {
      "mode": "managed",
      "type": "aws_eip",
      "name": "nat",
      "provider": "provider[\"registry.terraform.io/hashicorp/aws\"]",
      "instances": [
        {
          "schema_version": 0,
          "attributes": {
            "address": null,
            "allocation_id": "eipalloc-02c867e5b00e492b2",
            "associate_with_private_ip": null,
            "association_id": "eipassoc-0c9577ac6854723a3",
            "carrier_ip": "",
            "customer_owned_ip": "",
            "customer_owned_ipv4_pool": "",
            "domain": "vpc",
            "id": "eipalloc-02c867e5b00e492b2",
            "instance": "",
            "network_border_group": "eu-west-3",
            "network_interface": "eni-018afb579323406e7",
            "private_dns": "ip-10-55-1-58.eu-west-3.compute.internal",
            "private_ip": "10.55.1.58",
            "public_dns": "ec2-35-180-216-46.eu-west-3.compute.amazonaws.com",
            "public_ip": "35.180.216.46",
            "public_ipv4_pool": "amazon",
            "tags": {
              "Name": "nat"
            },
            "tags_all": {
              "Name": "nat"
            },
            "timeouts": null,
            "vpc": true
          },
          "sensitive_attributes": [],
          "private": "eyJlMmJmYjczMC1lY2FhLTExZTYtOGY4OC0zNDM2M2JjN2M0YzAiOnsiZGVsZXRlIjoxODAwMDAwMDAwMDAsInJlYWQiOjkwMDAwMDAwMDAwMCwidXBkYXRlIjozMDAwMDAwMDAwMDB9fQ=="
        }
      ]
    },
    {
      "mode": "managed",
      "type": "aws_internet_gateway",
      "name": "igw",
      "provider": "provider[\"registry.terraform.io/hashicorp/aws\"]",
      "instances": [
        {
          "schema_version": 0,
          "attributes": {
            "arn": "arn:aws:ec2:eu-west-3:918947519157:internet-gateway/igw-0a8a15649c5a12975",
            "id": "igw-0a8a15649c5a12975",
            "owner_id": "918947519157",
            "tags": {
              "Name": "app1_IG",
              "Owner": "Luke",
              "Planet": "Musafar",
              "Service": "application1"
            },
            "tags_all": {
              "Name": "app1_IG",
              "Owner": "Luke",
              "Planet": "Musafar",
              "Service": "application1"
            },
            "vpc_id": "vpc-0d3af153f599647c6"
          },
          "sensitive_attributes": [],
          "private": "bnVsbA==",
          "dependencies": [
            "aws_vpc.app1"
          ]
        }
      ]
    },
    {
      "mode": "managed",
      "type": "aws_launch_template",
      "name": "app1_LT",
      "provider": "provider[\"registry.terraform.io/hashicorp/aws\"]",
      "instances": [
        {
          "schema_version": 0,
          "attributes": {
            "arn": "arn:aws:ec2:eu-west-3:918947519157:launch-template/lt-042a16f9228becfd3",
            "block_device_mappings": [],
            "capacity_reservation_specification": [],
            "cpu_options": [],
            "credit_specification": [],
            "default_version": 1,
            "description": "",
            "disable_api_termination": false,
            "ebs_optimized": "",
            "elastic_gpu_specifications": [],
            "elastic_inference_accelerator": [],
            "enclave_options": [],
            "hibernation_options": [],
            "iam_instance_profile": [],
            "id": "lt-042a16f9228becfd3",
            "image_id": "ami-0c95ddc49a2ac351f",
            "instance_initiated_shutdown_behavior": "",
            "instance_market_options": [],
            "instance_type": "t2.micro",
            "kernel_id": "",
            "key_name": "MyLinuxBox",
            "latest_version": 1,
            "license_specification": [],
            "metadata_options": [],
            "monitoring": [],
            "name": "app1_LT20231113033829126000000001",
            "name_prefix": "app1_LT",
            "network_interfaces": [],
            "placement": [],
            "ram_disk_id": "",
            "security_group_names": [],
            "tag_specifications": [
              {
                "resource_type": "instance",
                "tags": {
                  "Name": "app1_LT",
                  "Owner": "Chewbacca",
                  "Planet": "Mustafar",
                  "Service": "application1"
                }
              }
            ],
            "tags": {},
            "tags_all": {},
            "update_default_version": null,
            "user_data": "IyEvYmluL2Jhc2gNCnl1bSB1cGRhdGUgLXkNCnl1bSBpbnN0YWxsIC15IGh0dHBkDQpzeXN0ZW1jdGwgc3RhcnQgaHR0cGQNCnN5c3RlbWN0bCBlbmFibGUgaHR0cGQNCg0KIyBHZXQgdGhlIElNRFN2MiB0b2tlbg0KVE9LRU49JChjdXJsIC1YIFBVVCAiaHR0cDovLzE2OS4yNTQuMTY5LjI1NC9sYXRlc3QvYXBpL3Rva2VuIiAtSCAiWC1hd3MtZWMyLW1ldGFkYXRhLXRva2VuLXR0bC1zZWNvbmRzOiAyMTYwMCIpDQoNCiMgQmFja2dyb3VuZCB0aGUgY3VybCByZXF1ZXN0cw0KY3VybCAtSCAiWC1hd3MtZWMyLW1ldGFkYXRhLXRva2VuOiAkVE9LRU4iIC1zIGh0dHA6Ly8xNjkuMjU0LjE2OS4yNTQvbGF0ZXN0L21ldGEtZGF0YS9sb2NhbC1pcHY0ICY+IC90bXAvbG9jYWxfaXB2NCAmDQpjdXJsIC1IICJYLWF3cy1lYzItbWV0YWRhdGEtdG9rZW46ICRUT0tFTiIgLXMgaHR0cDovLzE2OS4yNTQuMTY5LjI1NC9sYXRlc3QvbWV0YS1kYXRhL3BsYWNlbWVudC9hdmFpbGFiaWxpdHktem9uZSAmPiAvdG1wL2F6ICYNCmN1cmwgLUggIlgtYXdzLWVjMi1tZXRhZGF0YS10b2tlbjogJFRPS0VOIiAtcyBodHRwOi8vMTY5LjI1NC4xNjkuMjU0L2xhdGVzdC9tZXRhLWRhdGEvbmV0d29yay9pbnRlcmZhY2VzL21hY3MvICY+IC90bXAvbWFjaWQgJg0Kd2FpdA0KDQptYWNpZD0kKGNhdCAvdG1wL21hY2lkKQ0KbG9jYWxfaXB2ND0kKGNhdCAvdG1wL2xvY2FsX2lwdjQpDQphej0kKGNhdCAvdG1wL2F6KQ0KdnBjPSQoY3VybCAtSCAiWC1hd3MtZWMyLW1ldGFkYXRhLXRva2VuOiAkVE9LRU4iIC1zIGh0dHA6Ly8xNjkuMjU0LjE2OS4yNTQvbGF0ZXN0L21ldGEtZGF0YS9uZXR3b3JrL2ludGVyZmFjZXMvbWFjcy8kbWFjaWQvdnBjLWlkKQ0KDQojIENyZWF0ZSBIVE1MIGZpbGUNCmNhdCA8PC1IVE1MID4gL3Zhci93d3cvaHRtbC9pbmRleC5odG1sDQo8IWRvY3R5cGUgaHRtbD4NCjxodG1sIGxhbmc9ImVuIiBjbGFzcz0iaC0xMDAiPg0KPGhlYWQ+DQo8dGl0bGU+RGV0YWlscyBmb3IgRUMyIGluc3RhbmNlPC90aXRsZT4NCjwvaGVhZD4NCjxib2R5Pg0KPGRpdj4NCjxoMT5JbmZpbml0ZSBDbG91ZCBHcm91cDwvaDE+DQo8aDE+T3VpIE91aSBNb24gRnJlcmU8L2gxPg0KPHA+PGI+SW5zdGFuY2UgTmFtZTo8L2I+ICQoaG9zdG5hbWUgLWYpIDwvcD4NCjxwPjxiPkluc3RhbmNlIFByaXZhdGUgSXAgQWRkcmVzczogPC9iPiAkbG9jYWxfaXB2NDwvcD4NCjxwPjxiPkF2YWlsYWJpbGl0eSBab25lOiA8L2I+ICRhejwvcD4NCjxwPjxiPlZpcnR1YWwgUHJpdmF0ZSBDbG91ZCAoVlBDKTo8L2I+ICR2cGM8L3A+DQo8L2Rpdj4NCjwvYm9keT4NCjwvaHRtbD4NCkhUTUwNCg0KIyBDbGVhbiB1cCB0aGUgdGVtcCBmaWxlcw0Kcm0gLWYgL3RtcC9sb2NhbF9pcHY0IC90bXAvYXogL3RtcC9tYWNpZA0K",
            "vpc_security_group_ids": [
              "sg-0c63c0f54c4dc463d"
            ]
          },
          "sensitive_attributes": [],
          "private": "bnVsbA==",
          "dependencies": [
            "aws_security_group.app1-sg01-servers",
            "aws_vpc.app1"
          ],
          "create_before_destroy": true
        }
      ]
    },
    {
      "mode": "managed",
      "type": "aws_lb",
      "name": "app1_alb",
      "provider": "provider[\"registry.terraform.io/hashicorp/aws\"]",
      "instances": [
        {
          "schema_version": 0,
          "attributes": {
            "access_logs": [
              {
                "bucket": "",
                "enabled": false,
                "prefix": ""
              }
            ],
            "arn": "arn:aws:elasticloadbalancing:eu-west-3:918947519157:loadbalancer/app/app1-load-balancer/7164cf6f5af71c44",
            "arn_suffix": "app/app1-load-balancer/7164cf6f5af71c44",
            "customer_owned_ipv4_pool": "",
            "desync_mitigation_mode": "defensive",
            "dns_name": "app1-load-balancer-1801336645.eu-west-3.elb.amazonaws.com",
            "drop_invalid_header_fields": false,
            "enable_cross_zone_load_balancing": true,
            "enable_deletion_protection": false,
            "enable_http2": true,
            "enable_waf_fail_open": false,
            "id": "arn:aws:elasticloadbalancing:eu-west-3:918947519157:loadbalancer/app/app1-load-balancer/7164cf6f5af71c44",
            "idle_timeout": 60,
            "internal": false,
            "ip_address_type": "ipv4",
            "load_balancer_type": "application",
            "name": "app1-load-balancer",
            "name_prefix": null,
            "security_groups": [
              "sg-03dc0895c02378ccc"
            ],
            "subnet_mapping": [
              {
                "allocation_id": "",
                "ipv6_address": "",
                "outpost_id": "",
                "private_ipv4_address": "",
                "subnet_id": "subnet-01e12f853c0941691"
              },
              {
                "allocation_id": "",
                "ipv6_address": "",
                "outpost_id": "",
                "private_ipv4_address": "",
                "subnet_id": "subnet-0914bb667caea4e74"
              },
              {
                "allocation_id": "",
                "ipv6_address": "",
                "outpost_id": "",
                "private_ipv4_address": "",
                "subnet_id": "subnet-0d7d58c8a4f5829b8"
              }
            ],
            "subnets": [
              "subnet-01e12f853c0941691",
              "subnet-0914bb667caea4e74",
              "subnet-0d7d58c8a4f5829b8"
            ],
            "tags": {
              "Name": "App1LoadBalancer",
              "Owner": "User",
              "Project": "Web Service",
              "Service": "App1"
            },
            "tags_all": {
              "Name": "App1LoadBalancer",
              "Owner": "User",
              "Project": "Web Service",
              "Service": "App1"
            },
            "timeouts": null,
            "vpc_id": "vpc-0d3af153f599647c6",
            "zone_id": "Z3Q77PNBQS71R4"
          },
          "sensitive_attributes": [],
          "private": "eyJlMmJmYjczMC1lY2FhLTExZTYtOGY4OC0zNDM2M2JjN2M0YzAiOnsiY3JlYXRlIjo2MDAwMDAwMDAwMDAsImRlbGV0ZSI6NjAwMDAwMDAwMDAwLCJ1cGRhdGUiOjYwMDAwMDAwMDAwMH19",
          "dependencies": [
            "aws_security_group.app1-sg02-LB01",
            "aws_subnet.public-eu-west-3a",
            "aws_subnet.public-eu-west-3b",
            "aws_subnet.public-eu-west-3c",
            "aws_vpc.app1"
          ]
        }
      ]
    },
    {
      "mode": "managed",
      "type": "aws_lb_listener",
      "name": "http",
      "provider": "provider[\"registry.terraform.io/hashicorp/aws\"]",
      "instances": [
        {
          "schema_version": 0,
          "attributes": {
            "alpn_policy": null,
            "arn": "arn:aws:elasticloadbalancing:eu-west-3:918947519157:listener/app/app1-load-balancer/7164cf6f5af71c44/43613eabc3aa6270",
            "certificate_arn": null,
            "default_action": [
              {
                "authenticate_cognito": [],
                "authenticate_oidc": [],
                "fixed_response": [],
                "forward": [],
                "order": 1,
                "redirect": [],
                "target_group_arn": "arn:aws:elasticloadbalancing:eu-west-3:918947519157:targetgroup/app1-target-group/9a835b96dc8329af",
                "type": "forward"
              }
            ],
            "id": "arn:aws:elasticloadbalancing:eu-west-3:918947519157:listener/app/app1-load-balancer/7164cf6f5af71c44/43613eabc3aa6270",
            "load_balancer_arn": "arn:aws:elasticloadbalancing:eu-west-3:918947519157:loadbalancer/app/app1-load-balancer/7164cf6f5af71c44",
            "port": 80,
            "protocol": "HTTP",
            "ssl_policy": "",
            "tags": {},
            "tags_all": {},
            "timeouts": null
          },
          "sensitive_attributes": [],
          "private": "eyJlMmJmYjczMC1lY2FhLTExZTYtOGY4OC0zNDM2M2JjN2M0YzAiOnsicmVhZCI6NjAwMDAwMDAwMDAwfX0=",
          "dependencies": [
            "aws_lb.app1_alb",
            "aws_lb_target_group.app1_tg",
            "aws_security_group.app1-sg02-LB01",
            "aws_subnet.public-eu-west-3a",
            "aws_subnet.public-eu-west-3b",
            "aws_subnet.public-eu-west-3c",
            "aws_vpc.app1"
          ]
        }
      ]
    },
    {
      "mode": "managed",
      "type": "aws_lb_target_group",
      "name": "app1_tg",
      "provider": "provider[\"registry.terraform.io/hashicorp/aws\"]",
      "instances": [
        {
          "schema_version": 0,
          "attributes": {
            "arn": "arn:aws:elasticloadbalancing:eu-west-3:918947519157:targetgroup/app1-target-group/9a835b96dc8329af",
            "arn_suffix": "targetgroup/app1-target-group/9a835b96dc8329af",
            "connection_termination": false,
            "deregistration_delay": "300",
            "health_check": [
              {
                "enabled": true,
                "healthy_threshold": 5,
                "interval": 30,
                "matcher": "200",
                "path": "/",
                "port": "traffic-port",
                "protocol": "HTTP",
                "timeout": 5,
                "unhealthy_threshold": 2
              }
            ],
            "id": "arn:aws:elasticloadbalancing:eu-west-3:918947519157:targetgroup/app1-target-group/9a835b96dc8329af",
            "lambda_multi_value_headers_enabled": false,
            "load_balancing_algorithm_type": "round_robin",
            "name": "app1-target-group",
            "name_prefix": null,
            "port": 80,
            "preserve_client_ip": null,
            "protocol": "HTTP",
            "protocol_version": "HTTP1",
            "proxy_protocol_v2": false,
            "slow_start": 0,
            "stickiness": [
              {
                "cookie_duration": 86400,
                "cookie_name": "",
                "enabled": false,
                "type": "lb_cookie"
              }
            ],
            "tags": {
              "Name": "App1TargetGroup",
              "Owner": "User",
              "Project": "Web Service",
              "Service": "App1"
            },
            "tags_all": {
              "Name": "App1TargetGroup",
              "Owner": "User",
              "Project": "Web Service",
              "Service": "App1"
            },
            "target_type": "instance",
            "vpc_id": "vpc-0d3af153f599647c6"
          },
          "sensitive_attributes": [],
          "private": "bnVsbA==",
          "dependencies": [
            "aws_vpc.app1"
          ]
        }
      ]
    },
    {
      "mode": "managed",
      "type": "aws_nat_gateway",
      "name": "nat",
      "provider": "provider[\"registry.terraform.io/hashicorp/aws\"]",
      "instances": [
        {
          "schema_version": 0,
          "attributes": {
            "allocation_id": "eipalloc-02c867e5b00e492b2",
            "connectivity_type": "public",
            "id": "nat-02827f45b658f1e69",
            "network_interface_id": "eni-018afb579323406e7",
            "private_ip": "10.55.1.58",
            "public_ip": "35.180.216.46",
            "subnet_id": "subnet-0914bb667caea4e74",
            "tags": {
              "Name": "nat"
            },
            "tags_all": {
              "Name": "nat"
            }
          },
          "sensitive_attributes": [],
          "private": "bnVsbA==",
          "dependencies": [
            "aws_eip.nat",
            "aws_internet_gateway.igw",
            "aws_subnet.public-eu-west-3a",
            "aws_vpc.app1"
          ]
        }
      ]
    },
    {
      "mode": "managed",
      "type": "aws_route_table",
      "name": "private",
      "provider": "provider[\"registry.terraform.io/hashicorp/aws\"]",
      "instances": [
        {
          "schema_version": 0,
          "attributes": {
            "arn": "arn:aws:ec2:eu-west-3:918947519157:route-table/rtb-0d8cad6c92fff02b6",
            "id": "rtb-0d8cad6c92fff02b6",
            "owner_id": "918947519157",
            "propagating_vgws": [],
            "route": [
              {
                "carrier_gateway_id": "",
                "cidr_block": "0.0.0.0/0",
                "destination_prefix_list_id": "",
                "egress_only_gateway_id": "",
                "gateway_id": "",
                "instance_id": "",
                "ipv6_cidr_block": "",
                "local_gateway_id": "",
                "nat_gateway_id": "nat-02827f45b658f1e69",
                "network_interface_id": "",
                "transit_gateway_id": "",
                "vpc_endpoint_id": "",
                "vpc_peering_connection_id": ""
              }
            ],
            "tags": {
              "Name": "private"
            },
            "tags_all": {
              "Name": "private"
            },
            "timeouts": null,
            "vpc_id": "vpc-0d3af153f599647c6"
          },
          "sensitive_attributes": [],
          "private": "eyJlMmJmYjczMC1lY2FhLTExZTYtOGY4OC0zNDM2M2JjN2M0YzAiOnsiY3JlYXRlIjozMDAwMDAwMDAwMDAsImRlbGV0ZSI6MzAwMDAwMDAwMDAwLCJ1cGRhdGUiOjEyMDAwMDAwMDAwMH19",
          "dependencies": [
            "aws_eip.nat",
            "aws_internet_gateway.igw",
            "aws_nat_gateway.nat",
            "aws_subnet.public-eu-west-3a",
            "aws_vpc.app1"
          ]
        }
      ]
    },
    {
      "mode": "managed",
      "type": "aws_route_table",
      "name": "public",
      "provider": "provider[\"registry.terraform.io/hashicorp/aws\"]",
      "instances": [
        {
          "schema_version": 0,
          "attributes": {
            "arn": "arn:aws:ec2:eu-west-3:918947519157:route-table/rtb-012a7a94e83e45ef4",
            "id": "rtb-012a7a94e83e45ef4",
            "owner_id": "918947519157",
            "propagating_vgws": [],
            "route": [
              {
                "carrier_gateway_id": "",
                "cidr_block": "0.0.0.0/0",
                "destination_prefix_list_id": "",
                "egress_only_gateway_id": "",
                "gateway_id": "igw-0a8a15649c5a12975",
                "instance_id": "",
                "ipv6_cidr_block": "",
                "local_gateway_id": "",
                "nat_gateway_id": "",
                "network_interface_id": "",
                "transit_gateway_id": "",
                "vpc_endpoint_id": "",
                "vpc_peering_connection_id": ""
              }
            ],
            "tags": {
              "Name": "public"
            },
            "tags_all": {
              "Name": "public"
            },
            "timeouts": null,
            "vpc_id": "vpc-0d3af153f599647c6"
          },
          "sensitive_attributes": [],
          "private": "eyJlMmJmYjczMC1lY2FhLTExZTYtOGY4OC0zNDM2M2JjN2M0YzAiOnsiY3JlYXRlIjozMDAwMDAwMDAwMDAsImRlbGV0ZSI6MzAwMDAwMDAwMDAwLCJ1cGRhdGUiOjEyMDAwMDAwMDAwMH19",
          "dependencies": [
            "aws_internet_gateway.igw",
            "aws_vpc.app1"
          ]
        }
      ]
    },
    {
      "mode": "managed",
      "type": "aws_route_table_association",
      "name": "private-eu-west-3a",
      "provider": "provider[\"registry.terraform.io/hashicorp/aws\"]",
      "instances": [
        {
          "schema_version": 0,
          "attributes": {
            "gateway_id": "",
            "id": "rtbassoc-02ea465d8def7b2cf",
            "route_table_id": "rtb-0d8cad6c92fff02b6",
            "subnet_id": "subnet-04674f7534ec0d010"
          },
          "sensitive_attributes": [],
          "private": "bnVsbA==",
          "dependencies": [
            "aws_eip.nat",
            "aws_internet_gateway.igw",
            "aws_nat_gateway.nat",
            "aws_route_table.private",
            "aws_subnet.private-eu-west-3a",
            "aws_subnet.public-eu-west-3a",
            "aws_vpc.app1"
          ]
        }
      ]
    },
    {
      "mode": "managed",
      "type": "aws_route_table_association",
      "name": "private-eu-west-3b",
      "provider": "provider[\"registry.terraform.io/hashicorp/aws\"]",
      "instances": [
        {
          "schema_version": 0,
          "attributes": {
            "gateway_id": "",
            "id": "rtbassoc-026b57b2e12be2815",
            "route_table_id": "rtb-0d8cad6c92fff02b6",
            "subnet_id": "subnet-00c84d526be76ad0f"
          },
          "sensitive_attributes": [],
          "private": "bnVsbA==",
          "dependencies": [
            "aws_eip.nat",
            "aws_internet_gateway.igw",
            "aws_nat_gateway.nat",
            "aws_route_table.private",
            "aws_subnet.private-eu-west-3b",
            "aws_subnet.public-eu-west-3a",
            "aws_vpc.app1"
          ]
        }
      ]
    },
    {
      "mode": "managed",
      "type": "aws_route_table_association",
      "name": "private-eu-west-3c",
      "provider": "provider[\"registry.terraform.io/hashicorp/aws\"]",
      "instances": [
        {
          "schema_version": 0,
          "attributes": {
            "gateway_id": "",
            "id": "rtbassoc-0b25d7a07707c9886",
            "route_table_id": "rtb-0d8cad6c92fff02b6",
            "subnet_id": "subnet-0ae7acd169b2e0d4f"
          },
          "sensitive_attributes": [],
          "private": "bnVsbA==",
          "dependencies": [
            "aws_eip.nat",
            "aws_internet_gateway.igw",
            "aws_nat_gateway.nat",
            "aws_route_table.private",
            "aws_subnet.private-eu-west-3c",
            "aws_subnet.public-eu-west-3a",
            "aws_vpc.app1"
          ]
        }
      ]
    },
    {
      "mode": "managed",
      "type": "aws_route_table_association",
      "name": "public-eu-west-3a",
      "provider": "provider[\"registry.terraform.io/hashicorp/aws\"]",
      "instances": [
        {
          "schema_version": 0,
          "attributes": {
            "gateway_id": "",
            "id": "rtbassoc-0c26d999b44e25a99",
            "route_table_id": "rtb-012a7a94e83e45ef4",
            "subnet_id": "subnet-0914bb667caea4e74"
          },
          "sensitive_attributes": [],
          "private": "bnVsbA==",
          "dependencies": [
            "aws_internet_gateway.igw",
            "aws_route_table.public",
            "aws_subnet.public-eu-west-3a",
            "aws_vpc.app1"
          ]
        }
      ]
    },
    {
      "mode": "managed",
      "type": "aws_route_table_association",
      "name": "public-eu-west-3b",
      "provider": "provider[\"registry.terraform.io/hashicorp/aws\"]",
      "instances": [
        {
          "schema_version": 0,
          "attributes": {
            "gateway_id": "",
            "id": "rtbassoc-0b4c2d98cc5d723fb",
            "route_table_id": "rtb-012a7a94e83e45ef4",
            "subnet_id": "subnet-01e12f853c0941691"
          },
          "sensitive_attributes": [],
          "private": "bnVsbA==",
          "dependencies": [
            "aws_internet_gateway.igw",
            "aws_route_table.public",
            "aws_subnet.public-eu-west-3b",
            "aws_vpc.app1"
          ]
        }
      ]
    },
    {
      "mode": "managed",
      "type": "aws_route_table_association",
      "name": "public-eu-west-3c",
      "provider": "provider[\"registry.terraform.io/hashicorp/aws\"]",
      "instances": [
        {
          "schema_version": 0,
          "attributes": {
            "gateway_id": "",
            "id": "rtbassoc-0afe54496a0cb2f5e",
            "route_table_id": "rtb-012a7a94e83e45ef4",
            "subnet_id": "subnet-0d7d58c8a4f5829b8"
          },
          "sensitive_attributes": [],
          "private": "bnVsbA==",
          "dependencies": [
            "aws_internet_gateway.igw",
            "aws_route_table.public",
            "aws_subnet.public-eu-west-3c",
            "aws_vpc.app1"
          ]
        }
      ]
    },
    {
      "mode": "managed",
      "type": "aws_security_group",
      "name": "app1-sg01-servers",
      "provider": "provider[\"registry.terraform.io/hashicorp/aws\"]",
      "instances": [
        {
          "schema_version": 1,
          "attributes": {
            "arn": "arn:aws:ec2:eu-west-3:918947519157:security-group/sg-0c63c0f54c4dc463d",
            "description": "app1-sg01-servers",
            "egress": [
              {
                "cidr_blocks": [
                  "0.0.0.0/0"
                ],
                "description": "",
                "from_port": 0,
                "ipv6_cidr_blocks": [],
                "prefix_list_ids": [],
                "protocol": "-1",
                "security_groups": [],
                "self": false,
                "to_port": 0
              }
            ],
            "id": "sg-0c63c0f54c4dc463d",
            "ingress": [
              {
                "cidr_blocks": [
                  "0.0.0.0/0"
                ],
                "description": "MyEvilBox",
                "from_port": 3389,
                "ipv6_cidr_blocks": [],
                "prefix_list_ids": [],
                "protocol": "tcp",
                "security_groups": [],
                "self": false,
                "to_port": 3389
              },
              {
                "cidr_blocks": [
                  "0.0.0.0/0"
                ],
                "description": "MyHomePage",
                "from_port": 80,
                "ipv6_cidr_blocks": [],
                "prefix_list_ids": [],
                "protocol": "tcp",
                "security_groups": [],
                "self": false,
                "to_port": 80
              },
              {
                "cidr_blocks": [
                  "0.0.0.0/0"
                ],
                "description": "SSH",
                "from_port": 22,
                "ipv6_cidr_blocks": [],
                "prefix_list_ids": [],
                "protocol": "tcp",
                "security_groups": [],
                "self": false,
                "to_port": 22
              }
            ],
            "name": "app1-sg01-servers",
            "name_prefix": "",
            "owner_id": "918947519157",
            "revoke_rules_on_delete": false,
            "tags": {
              "Name": "app1-sg01-servers",
              "Owner": "Luke",
              "Planet": "Musafar",
              "Service": "application1"
            },
            "tags_all": {
              "Name": "app1-sg01-servers",
              "Owner": "Luke",
              "Planet": "Musafar",
              "Service": "application1"
            },
            "timeouts": null,
            "vpc_id": "vpc-0d3af153f599647c6"
          },
          "sensitive_attributes": [],
          "private": "eyJlMmJmYjczMC1lY2FhLTExZTYtOGY4OC0zNDM2M2JjN2M0YzAiOnsiY3JlYXRlIjo2MDAwMDAwMDAwMDAsImRlbGV0ZSI6OTAwMDAwMDAwMDAwfSwic2NoZW1hX3ZlcnNpb24iOiIxIn0=",
          "dependencies": [
            "aws_vpc.app1"
          ],
          "create_before_destroy": true
        }
      ]
    },
    {
      "mode": "managed",
      "type": "aws_security_group",
      "name": "app1-sg02-LB01",
      "provider": "provider[\"registry.terraform.io/hashicorp/aws\"]",
      "instances": [
        {
          "schema_version": 1,
          "attributes": {
            "arn": "arn:aws:ec2:eu-west-3:918947519157:security-group/sg-03dc0895c02378ccc",
            "description": "app1-sg02-LB01",
            "egress": [
              {
                "cidr_blocks": [
                  "0.0.0.0/0"
                ],
                "description": "",
                "from_port": 0,
                "ipv6_cidr_blocks": [],
                "prefix_list_ids": [],
                "protocol": "-1",
                "security_groups": [],
                "self": false,
                "to_port": 0
              }
            ],
            "id": "sg-03dc0895c02378ccc",
            "ingress": [
              {
                "cidr_blocks": [
                  "0.0.0.0/0"
                ],
                "description": "MyHomePage",
                "from_port": 80,
                "ipv6_cidr_blocks": [],
                "prefix_list_ids": [],
                "protocol": "tcp",
                "security_groups": [],
                "self": false,
                "to_port": 80
              }
            ],
            "name": "app1-sg02-LB01",
            "name_prefix": "",
            "owner_id": "918947519157",
            "revoke_rules_on_delete": false,
            "tags": {
              "Name": "app1-sg02-LB01",
              "Owner": "Luke",
              "Planet": "Musafar",
              "Service": "application1"
            },
            "tags_all": {
              "Name": "app1-sg02-LB01",
              "Owner": "Luke",
              "Planet": "Musafar",
              "Service": "application1"
            },
            "timeouts": null,
            "vpc_id": "vpc-0d3af153f599647c6"
          },
          "sensitive_attributes": [],
          "private": "eyJlMmJmYjczMC1lY2FhLTExZTYtOGY4OC0zNDM2M2JjN2M0YzAiOnsiY3JlYXRlIjo2MDAwMDAwMDAwMDAsImRlbGV0ZSI6OTAwMDAwMDAwMDAwfSwic2NoZW1hX3ZlcnNpb24iOiIxIn0=",
          "dependencies": [
            "aws_vpc.app1"
          ]
        }
      ]
    },
    {
      "mode": "managed",
      "type": "aws_subnet",
      "name": "private-eu-west-3a",
      "provider": "provider[\"registry.terraform.io/hashicorp/aws\"]",
      "instances": [
        {
          "schema_version": 1,
          "attributes": {
            "arn": "arn:aws:ec2:eu-west-3:918947519157:subnet/subnet-04674f7534ec0d010",
            "assign_ipv6_address_on_creation": false,
            "availability_zone": "eu-west-3a",
            "availability_zone_id": "euw3-az1",
            "cidr_block": "10.55.11.0/24",
            "customer_owned_ipv4_pool": "",
            "enable_dns64": false,
            "enable_resource_name_dns_a_record_on_launch": false,
            "enable_resource_name_dns_aaaa_record_on_launch": false,
            "id": "subnet-04674f7534ec0d010",
            "ipv6_cidr_block": "",
            "ipv6_cidr_block_association_id": "",
            "ipv6_native": false,
            "map_customer_owned_ip_on_launch": false,
            "map_public_ip_on_launch": false,
            "outpost_arn": "",
            "owner_id": "918947519157",
            "private_dns_hostname_type_on_launch": "ip-name",
            "tags": {
              "Name": "private-eu-west-3a",
              "Owner": "Luke",
              "Planet": "Musafar",
              "Service": "application1"
            },
            "tags_all": {
              "Name": "private-eu-west-3a",
              "Owner": "Luke",
              "Planet": "Musafar",
              "Service": "application1"
            },
            "timeouts": null,
            "vpc_id": "vpc-0d3af153f599647c6"
          },
          "sensitive_attributes": [],
          "private": "eyJlMmJmYjczMC1lY2FhLTExZTYtOGY4OC0zNDM2M2JjN2M0YzAiOnsiY3JlYXRlIjo2MDAwMDAwMDAwMDAsImRlbGV0ZSI6MTIwMDAwMDAwMDAwMH0sInNjaGVtYV92ZXJzaW9uIjoiMSJ9",
          "dependencies": [
            "aws_vpc.app1"
          ]
        }
      ]
    },
    {
      "mode": "managed",
      "type": "aws_subnet",
      "name": "private-eu-west-3b",
      "provider": "provider[\"registry.terraform.io/hashicorp/aws\"]",
      "instances": [
        {
          "schema_version": 1,
          "attributes": {
            "arn": "arn:aws:ec2:eu-west-3:918947519157:subnet/subnet-00c84d526be76ad0f",
            "assign_ipv6_address_on_creation": false,
            "availability_zone": "eu-west-3b",
            "availability_zone_id": "euw3-az2",
            "cidr_block": "10.55.12.0/24",
            "customer_owned_ipv4_pool": "",
            "enable_dns64": false,
            "enable_resource_name_dns_a_record_on_launch": false,
            "enable_resource_name_dns_aaaa_record_on_launch": false,
            "id": "subnet-00c84d526be76ad0f",
            "ipv6_cidr_block": "",
            "ipv6_cidr_block_association_id": "",
            "ipv6_native": false,
            "map_customer_owned_ip_on_launch": false,
            "map_public_ip_on_launch": false,
            "outpost_arn": "",
            "owner_id": "918947519157",
            "private_dns_hostname_type_on_launch": "ip-name",
            "tags": {
              "Name": "private-eu-west-3b",
              "Owner": "Luke",
              "Planet": "Musafar",
              "Service": "application1"
            },
            "tags_all": {
              "Name": "private-eu-west-3b",
              "Owner": "Luke",
              "Planet": "Musafar",
              "Service": "application1"
            },
            "timeouts": null,
            "vpc_id": "vpc-0d3af153f599647c6"
          },
          "sensitive_attributes": [],
          "private": "eyJlMmJmYjczMC1lY2FhLTExZTYtOGY4OC0zNDM2M2JjN2M0YzAiOnsiY3JlYXRlIjo2MDAwMDAwMDAwMDAsImRlbGV0ZSI6MTIwMDAwMDAwMDAwMH0sInNjaGVtYV92ZXJzaW9uIjoiMSJ9",
          "dependencies": [
            "aws_vpc.app1"
          ]
        }
      ]
    },
    {
      "mode": "managed",
      "type": "aws_subnet",
      "name": "private-eu-west-3c",
      "provider": "provider[\"registry.terraform.io/hashicorp/aws\"]",
      "instances": [
        {
          "schema_version": 1,
          "attributes": {
            "arn": "arn:aws:ec2:eu-west-3:918947519157:subnet/subnet-0ae7acd169b2e0d4f",
            "assign_ipv6_address_on_creation": false,
            "availability_zone": "eu-west-3c",
            "availability_zone_id": "euw3-az3",
            "cidr_block": "10.55.13.0/24",
            "customer_owned_ipv4_pool": "",
            "enable_dns64": false,
            "enable_resource_name_dns_a_record_on_launch": false,
            "enable_resource_name_dns_aaaa_record_on_launch": false,
            "id": "subnet-0ae7acd169b2e0d4f",
            "ipv6_cidr_block": "",
            "ipv6_cidr_block_association_id": "",
            "ipv6_native": false,
            "map_customer_owned_ip_on_launch": false,
            "map_public_ip_on_launch": false,
            "outpost_arn": "",
            "owner_id": "918947519157",
            "private_dns_hostname_type_on_launch": "ip-name",
            "tags": {
              "Name": "private-eu-west-3c",
              "Owner": "Luke",
              "Planet": "Musafar",
              "Service": "application1"
            },
            "tags_all": {
              "Name": "private-eu-west-3c",
              "Owner": "Luke",
              "Planet": "Musafar",
              "Service": "application1"
            },
            "timeouts": null,
            "vpc_id": "vpc-0d3af153f599647c6"
          },
          "sensitive_attributes": [],
          "private": "eyJlMmJmYjczMC1lY2FhLTExZTYtOGY4OC0zNDM2M2JjN2M0YzAiOnsiY3JlYXRlIjo2MDAwMDAwMDAwMDAsImRlbGV0ZSI6MTIwMDAwMDAwMDAwMH0sInNjaGVtYV92ZXJzaW9uIjoiMSJ9",
          "dependencies": [
            "aws_vpc.app1"
          ]
        }
      ]
    },
    {
      "mode": "managed",
      "type": "aws_subnet",
      "name": "public-eu-west-3a",
      "provider": "provider[\"registry.terraform.io/hashicorp/aws\"]",
      "instances": [
        {
          "schema_version": 1,
          "attributes": {
            "arn": "arn:aws:ec2:eu-west-3:918947519157:subnet/subnet-0914bb667caea4e74",
            "assign_ipv6_address_on_creation": false,
            "availability_zone": "eu-west-3a",
            "availability_zone_id": "euw3-az1",
            "cidr_block": "10.55.1.0/24",
            "customer_owned_ipv4_pool": "",
            "enable_dns64": false,
            "enable_resource_name_dns_a_record_on_launch": false,
            "enable_resource_name_dns_aaaa_record_on_launch": false,
            "id": "subnet-0914bb667caea4e74",
            "ipv6_cidr_block": "",
            "ipv6_cidr_block_association_id": "",
            "ipv6_native": false,
            "map_customer_owned_ip_on_launch": false,
            "map_public_ip_on_launch": true,
            "outpost_arn": "",
            "owner_id": "918947519157",
            "private_dns_hostname_type_on_launch": "ip-name",
            "tags": {
              "Name": "public-eu-west-3a",
              "Owner": "Luke",
              "Planet": "Musafar",
              "Service": "application1"
            },
            "tags_all": {
              "Name": "public-eu-west-3a",
              "Owner": "Luke",
              "Planet": "Musafar",
              "Service": "application1"
            },
            "timeouts": null,
            "vpc_id": "vpc-0d3af153f599647c6"
          },
          "sensitive_attributes": [],
          "private": "eyJlMmJmYjczMC1lY2FhLTExZTYtOGY4OC0zNDM2M2JjN2M0YzAiOnsiY3JlYXRlIjo2MDAwMDAwMDAwMDAsImRlbGV0ZSI6MTIwMDAwMDAwMDAwMH0sInNjaGVtYV92ZXJzaW9uIjoiMSJ9",
          "dependencies": [
            "aws_vpc.app1"
          ]
        }
      ]
    },
    {
      "mode": "managed",
      "type": "aws_subnet",
      "name": "public-eu-west-3b",
      "provider": "provider[\"registry.terraform.io/hashicorp/aws\"]",
      "instances": [
        {
          "schema_version": 1,
          "attributes": {
            "arn": "arn:aws:ec2:eu-west-3:918947519157:subnet/subnet-01e12f853c0941691",
            "assign_ipv6_address_on_creation": false,
            "availability_zone": "eu-west-3b",
            "availability_zone_id": "euw3-az2",
            "cidr_block": "10.55.2.0/24",
            "customer_owned_ipv4_pool": "",
            "enable_dns64": false,
            "enable_resource_name_dns_a_record_on_launch": false,
            "enable_resource_name_dns_aaaa_record_on_launch": false,
            "id": "subnet-01e12f853c0941691",
            "ipv6_cidr_block": "",
            "ipv6_cidr_block_association_id": "",
            "ipv6_native": false,
            "map_customer_owned_ip_on_launch": false,
            "map_public_ip_on_launch": true,
            "outpost_arn": "",
            "owner_id": "918947519157",
            "private_dns_hostname_type_on_launch": "ip-name",
            "tags": {
              "Name": "public-eu-west-3b",
              "Owner": "Luke",
              "Planet": "Musafar",
              "Service": "application1"
            },
            "tags_all": {
              "Name": "public-eu-west-3b",
              "Owner": "Luke",
              "Planet": "Musafar",
              "Service": "application1"
            },
            "timeouts": null,
            "vpc_id": "vpc-0d3af153f599647c6"
          },
          "sensitive_attributes": [],
          "private": "eyJlMmJmYjczMC1lY2FhLTExZTYtOGY4OC0zNDM2M2JjN2M0YzAiOnsiY3JlYXRlIjo2MDAwMDAwMDAwMDAsImRlbGV0ZSI6MTIwMDAwMDAwMDAwMH0sInNjaGVtYV92ZXJzaW9uIjoiMSJ9",
          "dependencies": [
            "aws_vpc.app1"
          ]
        }
      ]
    },
    {
      "mode": "managed",
      "type": "aws_subnet",
      "name": "public-eu-west-3c",
      "provider": "provider[\"registry.terraform.io/hashicorp/aws\"]",
      "instances": [
        {
          "schema_version": 1,
          "attributes": {
            "arn": "arn:aws:ec2:eu-west-3:918947519157:subnet/subnet-0d7d58c8a4f5829b8",
            "assign_ipv6_address_on_creation": false,
            "availability_zone": "eu-west-3c",
            "availability_zone_id": "euw3-az3",
            "cidr_block": "10.55.3.0/24",
            "customer_owned_ipv4_pool": "",
            "enable_dns64": false,
            "enable_resource_name_dns_a_record_on_launch": false,
            "enable_resource_name_dns_aaaa_record_on_launch": false,
            "id": "subnet-0d7d58c8a4f5829b8",
            "ipv6_cidr_block": "",
            "ipv6_cidr_block_association_id": "",
            "ipv6_native": false,
            "map_customer_owned_ip_on_launch": false,
            "map_public_ip_on_launch": true,
            "outpost_arn": "",
            "owner_id": "918947519157",
            "private_dns_hostname_type_on_launch": "ip-name",
            "tags": {
              "Name": "public-eu-west-3c",
              "Owner": "Luke",
              "Planet": "Musafar",
              "Service": "application1"
            },
            "tags_all": {
              "Name": "public-eu-west-3c",
              "Owner": "Luke",
              "Planet": "Musafar",
              "Service": "application1"
            },
            "timeouts": null,
            "vpc_id": "vpc-0d3af153f599647c6"
          },
          "sensitive_attributes": [],
          "private": "eyJlMmJmYjczMC1lY2FhLTExZTYtOGY4OC0zNDM2M2JjN2M0YzAiOnsiY3JlYXRlIjo2MDAwMDAwMDAwMDAsImRlbGV0ZSI6MTIwMDAwMDAwMDAwMH0sInNjaGVtYV92ZXJzaW9uIjoiMSJ9",
          "dependencies": [
            "aws_vpc.app1"
          ]
        }
      ]
    },
    {
      "mode": "managed",
      "type": "aws_vpc",
      "name": "app1",
      "provider": "provider[\"registry.terraform.io/hashicorp/aws\"]",
      "instances": [
        {
          "schema_version": 1,
          "attributes": {
            "arn": "arn:aws:ec2:eu-west-3:918947519157:vpc/vpc-0d3af153f599647c6",
            "assign_generated_ipv6_cidr_block": false,
            "cidr_block": "10.55.0.0/16",
            "default_network_acl_id": "acl-052223935d12daf70",
            "default_route_table_id": "rtb-02118380bc0a91f4f",
            "default_security_group_id": "sg-012d5246f7add9477",
            "dhcp_options_id": "dopt-0558f089d4a71cffb",
            "enable_classiclink": false,
            "enable_classiclink_dns_support": false,
            "enable_dns_hostnames": false,
            "enable_dns_support": true,
            "id": "vpc-0d3af153f599647c6",
            "instance_tenancy": "default",
            "ipv4_ipam_pool_id": null,
            "ipv4_netmask_length": null,
            "ipv6_association_id": "",
            "ipv6_cidr_block": "",
            "ipv6_cidr_block_network_border_group": "",
            "ipv6_ipam_pool_id": "",
            "ipv6_netmask_length": 0,
            "main_route_table_id": "rtb-02118380bc0a91f4f",
            "owner_id": "918947519157",
            "tags": {
              "Name": "app1",
              "Owner": "Chewbacca",
              "Planet": "Mustafar",
              "Service": "application1"
            },
            "tags_all": {
              "Name": "app1",
              "Owner": "Chewbacca",
              "Planet": "Mustafar",
              "Service": "application1"
            }
          },
          "sensitive_attributes": [],
          "private": "eyJzY2hlbWFfdmVyc2lvbiI6IjEifQ==",
          "create_before_destroy": true
        }
      ]
    },
    {
      "mode": "managed",
      "type": "tls_private_key",
      "name": "MyLinuxBox",
      "provider": "provider[\"registry.terraform.io/hashicorp/tls\"]",
      "instances": [
        {
          "schema_version": 1,
          "attributes": {
            "algorithm": "RSA",
            "ecdsa_curve": "P224",
            "id": "1328c95fe5610413a2e1085afdc286d963212135",
            "private_key_openssh": "-----BEGIN OPENSSH PRIVATE KEY-----\nb3BlbnNzaC1rZXktdjEAAAAABG5vbmUAAAAEbm9uZQAAAAAAAAABAAABFwAAAAdz\nc2gtcnNhAAAAAwEAAQAAAQEAuw9w93Wyg7YEAwkiXumn6Q9miSQfx4VpeotRERmM\nqHCYMYAEFgARBr69+/F6BWUdMswdbRMo/+P8StQFdNilQIgLJlpB82Z9fiIZWmvj\nYrR49GNB1M9qedgEyfPyWGPgDjrRTuDcq7yEPAEMwaZPnyWCCoktpkZtZ6yRGwtW\nBFFD6mv2UlmjFHEoBIAdhcqfEZ061C1Qcs/NbI+g9XtVqLANyAbkhBLRs8mk8jLS\nCMoo2NI4dQ9ecyQWAgsG4y82Y/NqYyBl7aSNGLokDO6NQm51iSvigdorNyj05CKf\nZi+MNhwUbxoCB4fgUwKE2xMqgX3WdsPs86BqredtvNvKYwAAA7iiQjbIokI2yAAA\nAAdzc2gtcnNhAAABAQC7D3D3dbKDtgQDCSJe6afpD2aJJB/HhWl6i1ERGYyocJgx\ngAQWABEGvr378XoFZR0yzB1tEyj/4/xK1AV02KVAiAsmWkHzZn1+Ihlaa+NitHj0\nY0HUz2p52ATJ8/JYY+AOOtFO4NyrvIQ8AQzBpk+fJYIKiS2mRm1nrJEbC1YEUUPq\na/ZSWaMUcSgEgB2Fyp8RnTrULVByz81sj6D1e1WosA3IBuSEEtGzyaTyMtIIyijY\n0jh1D15zJBYCCwbjLzZj82pjIGXtpI0YuiQM7o1CbnWJK+KB2is3KPTkIp9mL4w2\nHBRvGgIHh+BTAoTbEyqBfdZ2w+zzoGqt522828pjAAAAAwEAAQAAAQEAiKarG9u7\nYUSigaU2mqeOpk891ImzPYpUl9UWj6teed5nECI42emKhqbpGxg4z6AiSG2cQYZx\nuR3PvMpOgiGR9yZrHsVo0Gra2j4Gz2tpXT4B7mZkPRaY7hHEzdOMAs5Ta5HEPh8+\nlabN4xfRPdZE7Dn2WcQEuSdR3R7PkjYhzFxhwfcfMO+C07t49c0y/+K4EpI5IYHm\nTkFx5UCfVCneDOP1Vz1OTtFKu7K3MfIK/kcZxLhjSSabh96+CdsF95Yh/FuZBf9t\n7QEbwGRGl26MBXLQGE5AtNQS05WHOcLdi31ekOMH38Fqp+tb5NhTUTkZvvvZKYq6\nVxEs1lFqlI9n4QAAAIEAvsudbYQrDzdWE2ZHq7jpr74n0Z0eZANMeCO2BG/Uoq0d\nM+atpD1FfSIKWreSfClfqr/mppdKZGi65jCH+Qe0cy9o6+yrlwP3R9cLnszbdfGR\ngzGMN/fnHeHwRk9Vgh8DoRfbJi96MB8LLjJr/xVo03j9211TurwadOjb4HGm3N4A\nAACBAN4XfJX2o2dj73areqhwQNi4oiCOujMiWLCKyXTApYdslRFG5llJQJXjolY8\naZeCmBORfbxkdh7+g0zuBblIL0xMeqEWCflFt5AIxsPEQdpBDMr8peJdq5jUC7Ga\n6uZ72GLxylsA0RDoLzbz/X+/ZxQWWYPTuQZW4hpCC1qla361AAAAgQDXnr4BXwi1\ndXC/0i0WDIDFOn1nSwQQ4v/0yQkStP07/HwqBgsEx8uot+8VMVHli65qK7+kM/cY\n6+Zqn31xnCH6YGCGN820ImFsiBcZuXjQPl3ZzQ/HyY3nEQBqfr37cVRkHb9AUFAH\nriWsFiBKHuvJzdzyxAu214sRTmq7TV67twAAAAAB\n-----END OPENSSH PRIVATE KEY-----\n",
            "private_key_pem": "-----BEGIN RSA PRIVATE KEY-----\nMIIEpAIBAAKCAQEAuw9w93Wyg7YEAwkiXumn6Q9miSQfx4VpeotRERmMqHCYMYAE\nFgARBr69+/F6BWUdMswdbRMo/+P8StQFdNilQIgLJlpB82Z9fiIZWmvjYrR49GNB\n1M9qedgEyfPyWGPgDjrRTuDcq7yEPAEMwaZPnyWCCoktpkZtZ6yRGwtWBFFD6mv2\nUlmjFHEoBIAdhcqfEZ061C1Qcs/NbI+g9XtVqLANyAbkhBLRs8mk8jLSCMoo2NI4\ndQ9ecyQWAgsG4y82Y/NqYyBl7aSNGLokDO6NQm51iSvigdorNyj05CKfZi+MNhwU\nbxoCB4fgUwKE2xMqgX3WdsPs86BqredtvNvKYwIDAQABAoIBAQCIpqsb27thRKKB\npTaap46mTz3UibM9ilSX1RaPq1553mcQIjjZ6YqGpukbGDjPoCJIbZxBhnG5Hc+8\nyk6CIZH3JmsexWjQatraPgbPa2ldPgHuZmQ9FpjuEcTN04wCzlNrkcQ+Hz6Vps3j\nF9E91kTsOfZZxAS5J1HdHs+SNiHMXGHB9x8w74LTu3j1zTL/4rgSkjkhgeZOQXHl\nQJ9UKd4M4/VXPU5O0Uq7srcx8gr+RxnEuGNJJpuH3r4J2wX3liH8W5kF/23tARvA\nZEaXbowFctAYTkC01BLTlYc5wt2LfV6Q4wffwWqn61vk2FNRORm++9kpirpXESzW\nUWqUj2fhAoGBAN4XfJX2o2dj73areqhwQNi4oiCOujMiWLCKyXTApYdslRFG5llJ\nQJXjolY8aZeCmBORfbxkdh7+g0zuBblIL0xMeqEWCflFt5AIxsPEQdpBDMr8peJd\nq5jUC7Ga6uZ72GLxylsA0RDoLzbz/X+/ZxQWWYPTuQZW4hpCC1qla361AoGBANee\nvgFfCLV1cL/SLRYMgMU6fWdLBBDi//TJCRK0/Tv8fCoGCwTHy6i37xUxUeWLrmor\nv6Qz9xjr5mqffXGcIfpgYIY3zbQiYWyIFxm5eNA+XdnND8fJjecRAGp+vftxVGQd\nv0BQUAeuJawWIEoe68nN3PLEC7bXixFOartNXru3AoGACEg/8Se9eEGV0Isci+OD\nx5E7GpO4Begl/o9ua9gzVBWMiZRnSrUcn3pZt3WRSoEoQrKOSdRFQ2qiYuANfpde\njC3d9Nvpi046RjjNkMdk3UrHu1oopYRwvcZKmVj5oZbEvwvdS/9/zG2cNSRsM7Nj\nmLAsrmna4I2k6O3Flp/MnnECgYA2onSGqGvufsmI8VqXQafHUeDAsZNgLASrI912\nrgGUl49mno1gMrf6ElE0T4Du5wvUvy0aEEjGOc/yqGMCzIsXhCAxIiavRB7nfzxL\nOmHQcl0ZeQpMl1erevVeBqtg8QBvNdJmG3OL3qaRCjI4VcltIwqfQOmu9MK6KeKF\nfz9H1QKBgQC+y51thCsPN1YTZkeruOmvvifRnR5kA0x4I7YEb9SirR0z5q2kPUV9\nIgpat5J8KV+qv+aml0pkaLrmMIf5B7RzL2jr7KuXA/dH1wuezNt18ZGDMYw39+cd\n4fBGT1WCHwOhF9smL3owHwsuMmv/FWjTeP3bXVO6vBp06Nvgcabc3g==\n-----END RSA PRIVATE KEY-----\n",
            "private_key_pem_pkcs8": "-----BEGIN PRIVATE KEY-----\nMIIEvgIBADANBgkqhkiG9w0BAQEFAASCBKgwggSkAgEAAoIBAQC7D3D3dbKDtgQD\nCSJe6afpD2aJJB/HhWl6i1ERGYyocJgxgAQWABEGvr378XoFZR0yzB1tEyj/4/xK\n1AV02KVAiAsmWkHzZn1+Ihlaa+NitHj0Y0HUz2p52ATJ8/JYY+AOOtFO4NyrvIQ8\nAQzBpk+fJYIKiS2mRm1nrJEbC1YEUUPqa/ZSWaMUcSgEgB2Fyp8RnTrULVByz81s\nj6D1e1WosA3IBuSEEtGzyaTyMtIIyijY0jh1D15zJBYCCwbjLzZj82pjIGXtpI0Y\nuiQM7o1CbnWJK+KB2is3KPTkIp9mL4w2HBRvGgIHh+BTAoTbEyqBfdZ2w+zzoGqt\n522828pjAgMBAAECggEBAIimqxvbu2FEooGlNpqnjqZPPdSJsz2KVJfVFo+rXnne\nZxAiONnpioam6RsYOM+gIkhtnEGGcbkdz7zKToIhkfcmax7FaNBq2to+Bs9raV0+\nAe5mZD0WmO4RxM3TjALOU2uRxD4fPpWmzeMX0T3WROw59lnEBLknUd0ez5I2Icxc\nYcH3HzDvgtO7ePXNMv/iuBKSOSGB5k5BceVAn1Qp3gzj9Vc9Tk7RSruytzHyCv5H\nGcS4Y0kmm4fevgnbBfeWIfxbmQX/be0BG8BkRpdujAVy0BhOQLTUEtOVhznC3Yt9\nXpDjB9/BaqfrW+TYU1E5Gb772SmKulcRLNZRapSPZ+ECgYEA3hd8lfajZ2Pvdqt6\nqHBA2LiiII66MyJYsIrJdMClh2yVEUbmWUlAleOiVjxpl4KYE5F9vGR2Hv6DTO4F\nuUgvTEx6oRYJ+UW3kAjGw8RB2kEMyvyl4l2rmNQLsZrq5nvYYvHKWwDREOgvNvP9\nf79nFBZZg9O5BlbiGkILWqVrfrUCgYEA156+AV8ItXVwv9ItFgyAxTp9Z0sEEOL/\n9MkJErT9O/x8KgYLBMfLqLfvFTFR5Yuuaiu/pDP3GOvmap99cZwh+mBghjfNtCJh\nbIgXGbl40D5d2c0Px8mN5xEAan69+3FUZB2/QFBQB64lrBYgSh7ryc3c8sQLtteL\nEU5qu01eu7cCgYAISD/xJ714QZXQixyL44PHkTsak7gF6CX+j25r2DNUFYyJlGdK\ntRyfelm3dZFKgShCso5J1EVDaqJi4A1+l16MLd302+mLTjpGOM2Qx2TdSse7Wiil\nhHC9xkqZWPmhlsS/C91L/3/MbZw1JGwzs2OYsCyuadrgjaTo7cWWn8yecQKBgDai\ndIaoa+5+yYjxWpdBp8dR4MCxk2AsBKsj3XauAZSXj2aejWAyt/oSUTRPgO7nC9S/\nLRoQSMY5z/KoYwLMixeEIDEiJq9EHud/PEs6YdByXRl5CkyXV6t69V4Gq2DxAG81\n0mYbc4veppEKMjhVyW0jCp9A6a70wrop4oV/P0fVAoGBAL7LnW2EKw83VhNmR6u4\n6a++J9GdHmQDTHgjtgRv1KKtHTPmraQ9RX0iClq3knwpX6q/5qaXSmRouuYwh/kH\ntHMvaOvsq5cD90fXC57M23XxkYMxjDf35x3h8EZPVYIfA6EX2yYvejAfCy4ya/8V\naNN4/dtdU7q8GnTo2+Bxptze\n-----END PRIVATE KEY-----\n",
            "public_key_fingerprint_md5": "a9:c6:2a:e4:ea:4d:61:52:83:23:6d:d0:dd:cb:07:a2",
            "public_key_fingerprint_sha256": "SHA256:qlXOGou9V17ivbzFcymuKVa32yNuuYcdScgWOWawVLw",
            "public_key_openssh": "ssh-rsa AAAAB3NzaC1yc2EAAAADAQABAAABAQC7D3D3dbKDtgQDCSJe6afpD2aJJB/HhWl6i1ERGYyocJgxgAQWABEGvr378XoFZR0yzB1tEyj/4/xK1AV02KVAiAsmWkHzZn1+Ihlaa+NitHj0Y0HUz2p52ATJ8/JYY+AOOtFO4NyrvIQ8AQzBpk+fJYIKiS2mRm1nrJEbC1YEUUPqa/ZSWaMUcSgEgB2Fyp8RnTrULVByz81sj6D1e1WosA3IBuSEEtGzyaTyMtIIyijY0jh1D15zJBYCCwbjLzZj82pjIGXtpI0YuiQM7o1CbnWJK+KB2is3KPTkIp9mL4w2HBRvGgIHh+BTAoTbEyqBfdZ2w+zzoGqt522828pj\n",
            "public_key_pem": "-----BEGIN PUBLIC KEY-----\nMIIBIjANBgkqhkiG9w0BAQEFAAOCAQ8AMIIBCgKCAQEAuw9w93Wyg7YEAwkiXumn\n6Q9miSQfx4VpeotRERmMqHCYMYAEFgARBr69+/F6BWUdMswdbRMo/+P8StQFdNil\nQIgLJlpB82Z9fiIZWmvjYrR49GNB1M9qedgEyfPyWGPgDjrRTuDcq7yEPAEMwaZP\nnyWCCoktpkZtZ6yRGwtWBFFD6mv2UlmjFHEoBIAdhcqfEZ061C1Qcs/NbI+g9XtV\nqLANyAbkhBLRs8mk8jLSCMoo2NI4dQ9ecyQWAgsG4y82Y/NqYyBl7aSNGLokDO6N\nQm51iSvigdorNyj05CKfZi+MNhwUbxoCB4fgUwKE2xMqgX3WdsPs86BqredtvNvK\nYwIDAQAB\n-----END PUBLIC KEY-----\n",
            "rsa_bits": 2048
          },
          "sensitive_attributes": []
        }
      ]
    }
  ],
  "check_results": null
}
